// !$*UTF8*$!
{
	archiveVersion = 1;
	classes = {
	};
	objectVersion = 48;
	objects = {

/* Begin PBXBuildFile section */
		2D2FC9D61FE00EFB00C15069 /* RegionDetailViewController.swift in Sources */ = {isa = PBXBuildFile; fileRef = 2D2FC9D51FE00EFB00C15069 /* RegionDetailViewController.swift */; };
		2D7930EC1FDFD05D00007C2F /* Locales.bundle in Resources */ = {isa = PBXBuildFile; fileRef = 2D7930EB1FDFD05D00007C2F /* Locales.bundle */; };
		2D7930EE1FDFD55200007C2F /* RegionCell.swift in Sources */ = {isa = PBXBuildFile; fileRef = 2D7930ED1FDFD55200007C2F /* RegionCell.swift */; };
		2D7930F01FDFD92900007C2F /* MainViewController.swift in Sources */ = {isa = PBXBuildFile; fileRef = 2D7930EF1FDFD92900007C2F /* MainViewController.swift */; };
		2DAE12F11FDFB4A6000D6497 /* AppDelegate.swift in Sources */ = {isa = PBXBuildFile; fileRef = 2DAE12F01FDFB4A6000D6497 /* AppDelegate.swift */; };
		2DAE12F61FDFB4A6000D6497 /* Main.storyboard in Resources */ = {isa = PBXBuildFile; fileRef = 2DAE12F41FDFB4A6000D6497 /* Main.storyboard */; };
		2DAE12F81FDFB4A6000D6497 /* Assets.xcassets in Resources */ = {isa = PBXBuildFile; fileRef = 2DAE12F71FDFB4A6000D6497 /* Assets.xcassets */; };
		2DAE12FB1FDFB4A6000D6497 /* LaunchScreen.storyboard in Resources */ = {isa = PBXBuildFile; fileRef = 2DAE12F91FDFB4A6000D6497 /* LaunchScreen.storyboard */; };
		2DAE13041FDFB4CA000D6497 /* Locales.swift in Sources */ = {isa = PBXBuildFile; fileRef = 2DAE13031FDFB4CA000D6497 /* Locales.swift */; };
/* End PBXBuildFile section */

/* Begin PBXFileReference section */
		2D2FC9D51FE00EFB00C15069 /* RegionDetailViewController.swift */ = {isa = PBXFileReference; lastKnownFileType = sourcecode.swift; path = RegionDetailViewController.swift; sourceTree = "<group>"; };
		2D7930EB1FDFD05D00007C2F /* Locales.bundle */ = {isa = PBXFileReference; lastKnownFileType = "wrapper.plug-in"; path = Locales.bundle; sourceTree = "<group>"; };
		2D7930ED1FDFD55200007C2F /* RegionCell.swift */ = {isa = PBXFileReference; lastKnownFileType = sourcecode.swift; path = RegionCell.swift; sourceTree = "<group>"; };
		2D7930EF1FDFD92900007C2F /* MainViewController.swift */ = {isa = PBXFileReference; lastKnownFileType = sourcecode.swift; path = MainViewController.swift; sourceTree = "<group>"; };
		2DAE12ED1FDFB4A6000D6497 /* Locales.app */ = {isa = PBXFileReference; explicitFileType = wrapper.application; includeInIndex = 0; path = Locales.app; sourceTree = BUILT_PRODUCTS_DIR; };
		2DAE12F01FDFB4A6000D6497 /* AppDelegate.swift */ = {isa = PBXFileReference; lastKnownFileType = sourcecode.swift; path = AppDelegate.swift; sourceTree = "<group>"; };
		2DAE12F51FDFB4A6000D6497 /* Base */ = {isa = PBXFileReference; lastKnownFileType = file.storyboard; name = Base; path = Base.lproj/Main.storyboard; sourceTree = "<group>"; };
		2DAE12F71FDFB4A6000D6497 /* Assets.xcassets */ = {isa = PBXFileReference; lastKnownFileType = folder.assetcatalog; path = Assets.xcassets; sourceTree = "<group>"; };
		2DAE12FA1FDFB4A6000D6497 /* Base */ = {isa = PBXFileReference; lastKnownFileType = file.storyboard; name = Base; path = Base.lproj/LaunchScreen.storyboard; sourceTree = "<group>"; };
		2DAE12FC1FDFB4A6000D6497 /* Info.plist */ = {isa = PBXFileReference; lastKnownFileType = text.plist.xml; path = Info.plist; sourceTree = "<group>"; };
		2DAE13031FDFB4CA000D6497 /* Locales.swift */ = {isa = PBXFileReference; lastKnownFileType = sourcecode.swift; path = Locales.swift; sourceTree = "<group>"; };
/* End PBXFileReference section */

/* Begin PBXFrameworksBuildPhase section */
		2DAE12EA1FDFB4A6000D6497 /* Frameworks */ = {
			isa = PBXFrameworksBuildPhase;
			buildActionMask = 2147483647;
			files = (
			);
			runOnlyForDeploymentPostprocessing = 0;
		};
/* End PBXFrameworksBuildPhase section */

/* Begin PBXGroup section */
		2DAE12E41FDFB4A5000D6497 = {
			isa = PBXGroup;
			children = (
				2DAE12EF1FDFB4A6000D6497 /* Locales */,
				2DAE12EE1FDFB4A6000D6497 /* Products */,
			);
			sourceTree = "<group>";
		};
		2DAE12EE1FDFB4A6000D6497 /* Products */ = {
			isa = PBXGroup;
			children = (
				2DAE12ED1FDFB4A6000D6497 /* Locales.app */,
			);
			name = Products;
			sourceTree = "<group>";
		};
		2DAE12EF1FDFB4A6000D6497 /* Locales */ = {
			isa = PBXGroup;
			children = (
				2DAE13021FDFB4B7000D6497 /* LocalesFMWK */,
				2DAE12F01FDFB4A6000D6497 /* AppDelegate.swift */,
				2D7930EF1FDFD92900007C2F /* MainViewController.swift */,
				2D7930ED1FDFD55200007C2F /* RegionCell.swift */,
				2D2FC9D51FE00EFB00C15069 /* RegionDetailViewController.swift */,
				2DAE12F41FDFB4A6000D6497 /* Main.storyboard */,
				2DAE12F71FDFB4A6000D6497 /* Assets.xcassets */,
				2DAE12F91FDFB4A6000D6497 /* LaunchScreen.storyboard */,
				2DAE12FC1FDFB4A6000D6497 /* Info.plist */,
			);
			path = Locales;
			sourceTree = "<group>";
		};
		2DAE13021FDFB4B7000D6497 /* LocalesFMWK */ = {
			isa = PBXGroup;
			children = (
				2D7930EB1FDFD05D00007C2F /* Locales.bundle */,
				2DAE13031FDFB4CA000D6497 /* Locales.swift */,
			);
			path = LocalesFMWK;
			sourceTree = "<group>";
		};
/* End PBXGroup section */

/* Begin PBXNativeTarget section */
		2DAE12EC1FDFB4A6000D6497 /* Locales */ = {
			isa = PBXNativeTarget;
			buildConfigurationList = 2DAE12FF1FDFB4A6000D6497 /* Build configuration list for PBXNativeTarget "Locales" */;
			buildPhases = (
				2DAE12E91FDFB4A6000D6497 /* Sources */,
				2DAE12EA1FDFB4A6000D6497 /* Frameworks */,
				2DAE12EB1FDFB4A6000D6497 /* Resources */,
			);
			buildRules = (
			);
			dependencies = (
			);
			name = Locales;
			productName = Locales;
			productReference = 2DAE12ED1FDFB4A6000D6497 /* Locales.app */;
			productType = "com.apple.product-type.application";
		};
/* End PBXNativeTarget section */

/* Begin PBXProject section */
		2DAE12E51FDFB4A5000D6497 /* Project object */ = {
			isa = PBXProject;
			attributes = {
				LastSwiftUpdateCheck = 0920;
				LastUpgradeCheck = 0920;
				ORGANIZATIONNAME = FBC;
				TargetAttributes = {
					2DAE12EC1FDFB4A6000D6497 = {
						CreatedOnToolsVersion = 9.2;
						ProvisioningStyle = Automatic;
					};
				};
			};
			buildConfigurationList = 2DAE12E81FDFB4A6000D6497 /* Build configuration list for PBXProject "Locales" */;
			compatibilityVersion = "Xcode 8.0";
			developmentRegion = en;
			hasScannedForEncodings = 0;
			knownRegions = (
				en,
				Base,
			);
			mainGroup = 2DAE12E41FDFB4A5000D6497;
			productRefGroup = 2DAE12EE1FDFB4A6000D6497 /* Products */;
			projectDirPath = "";
			projectRoot = "";
			targets = (
				2DAE12EC1FDFB4A6000D6497 /* Locales */,
			);
		};
/* End PBXProject section */

/* Begin PBXResourcesBuildPhase section */
		2DAE12EB1FDFB4A6000D6497 /* Resources */ = {
			isa = PBXResourcesBuildPhase;
			buildActionMask = 2147483647;
			files = (
				2DAE12FB1FDFB4A6000D6497 /* LaunchScreen.storyboard in Resources */,
				2DAE12F81FDFB4A6000D6497 /* Assets.xcassets in Resources */,
				2DAE12F61FDFB4A6000D6497 /* Main.storyboard in Resources */,
				2D7930EC1FDFD05D00007C2F /* Locales.bundle in Resources */,
			);
			runOnlyForDeploymentPostprocessing = 0;
		};
/* End PBXResourcesBuildPhase section */

/* Begin PBXSourcesBuildPhase section */
		2DAE12E91FDFB4A6000D6497 /* Sources */ = {
			isa = PBXSourcesBuildPhase;
			buildActionMask = 2147483647;
			files = (
				2D7930EE1FDFD55200007C2F /* RegionCell.swift in Sources */,
				2DAE13041FDFB4CA000D6497 /* Locales.swift in Sources */,
				2D2FC9D61FE00EFB00C15069 /* RegionDetailViewController.swift in Sources */,
				2DAE12F11FDFB4A6000D6497 /* AppDelegate.swift in Sources */,
				2D7930F01FDFD92900007C2F /* MainViewController.swift in Sources */,
			);
			runOnlyForDeploymentPostprocessing = 0;
		};
/* End PBXSourcesBuildPhase section */

/* Begin PBXVariantGroup section */
		2DAE12F41FDFB4A6000D6497 /* Main.storyboard */ = {
			isa = PBXVariantGroup;
			children = (
				2DAE12F51FDFB4A6000D6497 /* Base */,
			);
			name = Main.storyboard;
			sourceTree = "<group>";
		};
		2DAE12F91FDFB4A6000D6497 /* LaunchScreen.storyboard */ = {
			isa = PBXVariantGroup;
			children = (
				2DAE12FA1FDFB4A6000D6497 /* Base */,
			);
			name = LaunchScreen.storyboard;
			sourceTree = "<group>";
		};
/* End PBXVariantGroup section */

/* Begin XCBuildConfiguration section */
		2DAE12FD1FDFB4A6000D6497 /* Debug */ = {
			isa = XCBuildConfiguration;
			buildSettings = {
				ALWAYS_SEARCH_USER_PATHS = NO;
				CLANG_ANALYZER_NONNULL = YES;
				CLANG_ANALYZER_NUMBER_OBJECT_CONVERSION = YES_AGGRESSIVE;
				CLANG_CXX_LANGUAGE_STANDARD = "gnu++14";
				CLANG_CXX_LIBRARY = "libc++";
				CLANG_ENABLE_MODULES = YES;
				CLANG_ENABLE_OBJC_ARC = YES;
				CLANG_WARN_BLOCK_CAPTURE_AUTORELEASING = YES;
				CLANG_WARN_BOOL_CONVERSION = YES;
				CLANG_WARN_COMMA = YES;
				CLANG_WARN_CONSTANT_CONVERSION = YES;
				CLANG_WARN_DIRECT_OBJC_ISA_USAGE = YES_ERROR;
				CLANG_WARN_DOCUMENTATION_COMMENTS = YES;
				CLANG_WARN_EMPTY_BODY = YES;
				CLANG_WARN_ENUM_CONVERSION = YES;
				CLANG_WARN_INFINITE_RECURSION = YES;
				CLANG_WARN_INT_CONVERSION = YES;
				CLANG_WARN_NON_LITERAL_NULL_CONVERSION = YES;
				CLANG_WARN_OBJC_LITERAL_CONVERSION = YES;
				CLANG_WARN_OBJC_ROOT_CLASS = YES_ERROR;
				CLANG_WARN_RANGE_LOOP_ANALYSIS = YES;
				CLANG_WARN_STRICT_PROTOTYPES = YES;
				CLANG_WARN_SUSPICIOUS_MOVE = YES;
				CLANG_WARN_UNGUARDED_AVAILABILITY = YES_AGGRESSIVE;
				CLANG_WARN_UNREACHABLE_CODE = YES;
				CLANG_WARN__DUPLICATE_METHOD_MATCH = YES;
				CODE_SIGN_IDENTITY = "iPhone Developer";
				COPY_PHASE_STRIP = NO;
				DEBUG_INFORMATION_FORMAT = dwarf;
				ENABLE_STRICT_OBJC_MSGSEND = YES;
				ENABLE_TESTABILITY = YES;
				GCC_C_LANGUAGE_STANDARD = gnu11;
				GCC_DYNAMIC_NO_PIC = NO;
				GCC_NO_COMMON_BLOCKS = YES;
				GCC_OPTIMIZATION_LEVEL = 0;
				GCC_PREPROCESSOR_DEFINITIONS = (
					"DEBUG=1",
					"$(inherited)",
				);
				GCC_WARN_64_TO_32_BIT_CONVERSION = YES;
				GCC_WARN_ABOUT_RETURN_TYPE = YES_ERROR;
				GCC_WARN_UNDECLARED_SELECTOR = YES;
				GCC_WARN_UNINITIALIZED_AUTOS = YES_AGGRESSIVE;
				GCC_WARN_UNUSED_FUNCTION = YES;
				GCC_WARN_UNUSED_VARIABLE = YES;
				IPHONEOS_DEPLOYMENT_TARGET = 11.2;
				MTL_ENABLE_DEBUG_INFO = YES;
				ONLY_ACTIVE_ARCH = YES;
				SDKROOT = iphoneos;
				SWIFT_ACTIVE_COMPILATION_CONDITIONS = DEBUG;
				SWIFT_OPTIMIZATION_LEVEL = "-Onone";
			};
			name = Debug;
		};
		2DAE12FE1FDFB4A6000D6497 /* Release */ = {
			isa = XCBuildConfiguration;
			buildSettings = {
				ALWAYS_SEARCH_USER_PATHS = NO;
				CLANG_ANALYZER_NONNULL = YES;
				CLANG_ANALYZER_NUMBER_OBJECT_CONVERSION = YES_AGGRESSIVE;
				CLANG_CXX_LANGUAGE_STANDARD = "gnu++14";
				CLANG_CXX_LIBRARY = "libc++";
				CLANG_ENABLE_MODULES = YES;
				CLANG_ENABLE_OBJC_ARC = YES;
				CLANG_WARN_BLOCK_CAPTURE_AUTORELEASING = YES;
				CLANG_WARN_BOOL_CONVERSION = YES;
				CLANG_WARN_COMMA = YES;
				CLANG_WARN_CONSTANT_CONVERSION = YES;
				CLANG_WARN_DIRECT_OBJC_ISA_USAGE = YES_ERROR;
				CLANG_WARN_DOCUMENTATION_COMMENTS = YES;
				CLANG_WARN_EMPTY_BODY = YES;
				CLANG_WARN_ENUM_CONVERSION = YES;
				CLANG_WARN_INFINITE_RECURSION = YES;
				CLANG_WARN_INT_CONVERSION = YES;
				CLANG_WARN_NON_LITERAL_NULL_CONVERSION = YES;
				CLANG_WARN_OBJC_LITERAL_CONVERSION = YES;
				CLANG_WARN_OBJC_ROOT_CLASS = YES_ERROR;
				CLANG_WARN_RANGE_LOOP_ANALYSIS = YES;
				CLANG_WARN_STRICT_PROTOTYPES = YES;
				CLANG_WARN_SUSPICIOUS_MOVE = YES;
				CLANG_WARN_UNGUARDED_AVAILABILITY = YES_AGGRESSIVE;
				CLANG_WARN_UNREACHABLE_CODE = YES;
				CLANG_WARN__DUPLICATE_METHOD_MATCH = YES;
				CODE_SIGN_IDENTITY = "iPhone Developer";
				COPY_PHASE_STRIP = NO;
				DEBUG_INFORMATION_FORMAT = "dwarf-with-dsym";
				ENABLE_NS_ASSERTIONS = NO;
				ENABLE_STRICT_OBJC_MSGSEND = YES;
				GCC_C_LANGUAGE_STANDARD = gnu11;
				GCC_NO_COMMON_BLOCKS = YES;
				GCC_WARN_64_TO_32_BIT_CONVERSION = YES;
				GCC_WARN_ABOUT_RETURN_TYPE = YES_ERROR;
				GCC_WARN_UNDECLARED_SELECTOR = YES;
				GCC_WARN_UNINITIALIZED_AUTOS = YES_AGGRESSIVE;
				GCC_WARN_UNUSED_FUNCTION = YES;
				GCC_WARN_UNUSED_VARIABLE = YES;
				IPHONEOS_DEPLOYMENT_TARGET = 11.2;
				MTL_ENABLE_DEBUG_INFO = NO;
				SDKROOT = iphoneos;
				SWIFT_OPTIMIZATION_LEVEL = "-Owholemodule";
				VALIDATE_PRODUCT = YES;
			};
			name = Release;
		};
		2DAE13001FDFB4A6000D6497 /* Debug */ = {
			isa = XCBuildConfiguration;
			buildSettings = {
				ASSETCATALOG_COMPILER_APPICON_NAME = AppIcon;
				CODE_SIGN_STYLE = Automatic;
				DEVELOPMENT_TEAM = C4Q9Y3SK7X;
				INFOPLIST_FILE = Locales/Info.plist;
				LD_RUNPATH_SEARCH_PATHS = "$(inherited) @executable_path/Frameworks";
				PRODUCT_BUNDLE_IDENTIFIER = reform.Locales;
				PRODUCT_NAME = "$(TARGET_NAME)";
				SWIFT_VERSION = 4.0;
				TARGETED_DEVICE_FAMILY = "1,2";
			};
			name = Debug;
		};
		2DAE13011FDFB4A6000D6497 /* Release */ = {
			isa = XCBuildConfiguration;
			buildSettings = {
				ASSETCATALOG_COMPILER_APPICON_NAME = AppIcon;
				CODE_SIGN_STYLE = Automatic;
				DEVELOPMENT_TEAM = C4Q9Y3SK7X;
				INFOPLIST_FILE = Locales/Info.plist;
				LD_RUNPATH_SEARCH_PATHS = "$(inherited) @executable_path/Frameworks";
				PRODUCT_BUNDLE_IDENTIFIER = reform.Locales;
				PRODUCT_NAME = "$(TARGET_NAME)";
				SWIFT_VERSION = 4.0;
				TARGETED_DEVICE_FAMILY = "1,2";
			};
			name = Release;
		};
/* End XCBuildConfiguration section */

/* Begin XCConfigurationList section */
		2DAE12E81FDFB4A6000D6497 /* Build configuration list for PBXProject "Locales" */ = {
			isa = XCConfigurationList;
			buildConfigurations = (
				2DAE12FD1FDFB4A6000D6497 /* Debug */,
				2DAE12FE1FDFB4A6000D6497 /* Release */,
			);
			defaultConfigurationIsVisible = 0;
			defaultConfigurationName = Release;
		};
		2DAE12FF1FDFB4A6000D6497 /* Build configuration list for PBXNativeTarget "Locales" */ = {
			isa = XCConfigurationList;
			buildConfigurations = (
				2DAE13001FDFB4A6000D6497 /* Debug */,
				2DAE13011FDFB4A6000D6497 /* Release */,
			);
			defaultConfigurationIsVisible = 0;
			defaultConfigurationName = Release;
		};
/* End XCConfigurationList section */
	};
	rootObject = 2DAE12E51FDFB4A5000D6497 /* Project object */;
}
